
Microsoft Visual Studio Solution File, Format Version 12.00
# Visual Studio Version 17
VisualStudioVersion = 17.9.34728.123
MinimumVisualStudioVersion = 10.0.40219.1
Project("{FAE04EC0-301F-11D3-BF4B-00C04F79EFBC}") = "Simple_Logic_Program", "Simple_Logic_Program\Simple_Logic_Program.csproj", "{149FDC2E-8B6C-4EB2-A5EE-E0B9380EA6E8}"
EndProject
Global
	GlobalSection(SolutionConfigurationPlatforms) = preSolution
		Debug|Any CPU = Debug|Any CPU
		Release|Any CPU = Release|Any CPU
	EndGlobalSection
	GlobalSection(ProjectConfigurationPlatforms) = postSolution
		{149FDC2E-8B6C-4EB2-A5EE-E0B9380EA6E8}.Debug|Any CPU.ActiveCfg = Debug|Any CPU
		{149FDC2E-8B6C-4EB2-A5EE-E0B9380EA6E8}.Debug|Any CPU.Build.0 = Debug|Any CPU
		{149FDC2E-8B6C-4EB2-A5EE-E0B9380EA6E8}.Release|Any CPU.ActiveCfg = Release|Any CPU
		{149FDC2E-8B6C-4EB2-A5EE-E0B9380EA6E8}.Release|Any CPU.Build.0 = Release|Any CPU
	EndGlobalSection
	GlobalSection(SolutionProperties) = preSolution
		HideSolutionNode = FALSE
	EndGlobalSection
	GlobalSection(ExtensibilityGlobals) = postSolution
		SolutionGuid = {B264A804-EE00-441E-8C0D-2438986C7B3C}
	EndGlobalSection
EndGlobal
